
Microsoft Visual Studio Solution File, Format Version 12.00
# Visual Studio 15
VisualStudioVersion = 15.0.27130.2036
MinimumVisualStudioVersion = 10.0.40219.1
Project("{888888A0-9F3D-457C-B088-3A5042F75D52}") = "PythonLibsForML", "PythonLibsForML.pyproj", "{E4A92B68-0630-4A07-9B33-C7CFD7A9EBB4}"
EndProject
Global
	GlobalSection(SolutionConfigurationPlatforms) = preSolution
		Debug|Any CPU = Debug|Any CPU
		Release|Any CPU = Release|Any CPU
	EndGlobalSection
	GlobalSection(ProjectConfigurationPlatforms) = postSolution
		{E4A92B68-0630-4A07-9B33-C7CFD7A9EBB4}.Debug|Any CPU.ActiveCfg = Debug|Any CPU
		{E4A92B68-0630-4A07-9B33-C7CFD7A9EBB4}.Release|Any CPU.ActiveCfg = Release|Any CPU
	EndGlobalSection
	GlobalSection(SolutionProperties) = preSolution
		HideSolutionNode = FALSE
	EndGlobalSection
	GlobalSection(ExtensibilityGlobals) = postSolution
		SolutionGuid = {B024D723-3E12-43A8-903E-B2153A08FE96}
	EndGlobalSection
EndGlobal
